[{<<"ebloom">>,
  {git,"https://github.com/helium/ebloom.git",
       {ref,"106716a42d183ca7ed588a19cdea56ac7a98c517"}},
  0},
 {<<"edown">>,
  {git,"https://github.com/uwiger/edown.git",
       {ref,"754be25f71a04099c83f3ffdff268e70beeb0021"}},
  0},
 {<<"hanoidb">>,
  {git,"https://github.com/andytill/hanoidb.git",
       {ref,"eb8d3835ec829aa2126dc88bcf37b81bc85e76ec"}},
  0},
 {<<"hashids">>,
  {git,"https://github.com/snaiper80/hashids-erlang.git",
       {ref,"d353f0b9fd780d17a178efa777d621c720af5ea1"}},
  0},
 {<<"lager">>,
  {git,"https://github.com/basho/lager.git",
       {ref,"d8ad5eb64a6dda296d8706aa2cd664a4a84e8129"}},
  0},
 {<<"plain_fsm">>,
  {git,"git://github.com/gburd/plain_fsm",
       {ref,"c96baaacf240d421fb333fd858408d09792ac929"}},
  1},
 {<<"sext">>,
  {git,"https://github.com/basho/sext",
       {ref,"4fb7908cd0c43ebf108e9ad21a832f7dcf4f8ad9"}},
  1},
 {<<"triq">>,
  {git,"https://github.com/triqng/triq.git",
       {ref,"9d4951ae23502bc927222a21c36b53d8f6ca2183"}},
  0}].
